
Microsoft Visual Studio Solution File, Format Version 12.00
# Visual Studio 15
VisualStudioVersion = 15.0.28307.902
MinimumVisualStudioVersion = 10.0.40219.1
Project("{FAE04EC0-301F-11D3-BF4B-00C04F79EFBC}") = "Kantor", "Kantor\Kantor.csproj", "{882EC3D6-E423-407C-A360-628FC461CFB5}"
EndProject
Global
	GlobalSection(SolutionConfigurationPlatforms) = preSolution
		Debug|Any CPU = Debug|Any CPU
		Release|Any CPU = Release|Any CPU
	EndGlobalSection
	GlobalSection(ProjectConfigurationPlatforms) = postSolution
		{882EC3D6-E423-407C-A360-628FC461CFB5}.Debug|Any CPU.ActiveCfg = Debug|Any CPU
		{882EC3D6-E423-407C-A360-628FC461CFB5}.Debug|Any CPU.Build.0 = Debug|Any CPU
		{882EC3D6-E423-407C-A360-628FC461CFB5}.Release|Any CPU.ActiveCfg = Release|Any CPU
		{882EC3D6-E423-407C-A360-628FC461CFB5}.Release|Any CPU.Build.0 = Release|Any CPU
	EndGlobalSection
	GlobalSection(SolutionProperties) = preSolution
		HideSolutionNode = FALSE
	EndGlobalSection
	GlobalSection(ExtensibilityGlobals) = postSolution
		SolutionGuid = {AE5D6D46-AAE6-45F5-8A33-F48D4EA641FA}
	EndGlobalSection
EndGlobal
